
Microsoft Visual Studio Solution File, Format Version 12.00
Project("{2150E333-8FDC-42A3-9474-1A3956D46DE8}") = "Core", "Core", "{1D4A098E-91DB-4979-89F7-48ED7C4993BE}"
EndProject
Project("{2150E333-8FDC-42A3-9474-1A3956D46DE8}") = "Modules", "Modules", "{76A406C6-734B-4C38-BFD1-A960EF3107F6}"
EndProject
Project("{FAE04EC0-301F-11D3-BF4B-00C04F79EFBC}") = "Recchx.WebAPI", "Recchx.WebAPI\Recchx.WebAPI.csproj", "{0BDFA193-88BF-4A6B-BE65-A3F93FBF69CA}"
EndProject
Project("{FAE04EC0-301F-11D3-BF4B-00C04F79EFBC}") = "Recchx.SharedKernel", "Recchx.SharedKernel\Recchx.SharedKernel.csproj", "{1EA734EF-6339-4360-B41E-6566319B3229}"
EndProject
Project("{FAE04EC0-301F-11D3-BF4B-00C04F79EFBC}") = "Recchx.Users", "Recchx.Users\Recchx.Users.csproj", "{AD709BF1-4873-4943-A279-03B675248B2D}"
EndProject
Project("{FAE04EC0-301F-11D3-BF4B-00C04F79EFBC}") = "Recchx.Campaigns", "Recchx.Campaigns\Recchx.Campaigns.csproj", "{1C3F8EF2-CA06-48B7-B76C-01CAAC4BE50F}"
EndProject
Project("{FAE04EC0-301F-11D3-BF4B-00C04F79EFBC}") = "Recchx.Prospects", "Recchx.Prospects\Recchx.Prospects.csproj", "{EC319710-7885-42B4-83D0-4170F45221BA}"
EndProject
Project("{FAE04EC0-301F-11D3-BF4B-00C04F79EFBC}") = "Recchx.Mailbox", "Recchx.Mailbox\Recchx.Mailbox.csproj", "{C7ECC7D0-E98F-443F-BD02-0CA8ED868604}"
EndProject
Project("{FAE04EC0-301F-11D3-BF4B-00C04F79EFBC}") = "Recchx.Applications", "Recchx.Applications\Recchx.Applications.csproj", "{E4E93823-ADB3-415A-82FE-70ED37B2D135}"
EndProject
Global
	GlobalSection(SolutionConfigurationPlatforms) = preSolution
		Debug|Any CPU = Debug|Any CPU
		Release|Any CPU = Release|Any CPU
	EndGlobalSection
	GlobalSection(NestedProjects) = preSolution
		{0BDFA193-88BF-4A6B-BE65-A3F93FBF69CA} = {1D4A098E-91DB-4979-89F7-48ED7C4993BE}
		{1EA734EF-6339-4360-B41E-6566319B3229} = {1D4A098E-91DB-4979-89F7-48ED7C4993BE}
		{AD709BF1-4873-4943-A279-03B675248B2D} = {76A406C6-734B-4C38-BFD1-A960EF3107F6}
		{1C3F8EF2-CA06-48B7-B76C-01CAAC4BE50F} = {76A406C6-734B-4C38-BFD1-A960EF3107F6}
		{EC319710-7885-42B4-83D0-4170F45221BA} = {76A406C6-734B-4C38-BFD1-A960EF3107F6}
		{C7ECC7D0-E98F-443F-BD02-0CA8ED868604} = {76A406C6-734B-4C38-BFD1-A960EF3107F6}
		{E4E93823-ADB3-415A-82FE-70ED37B2D135} = {76A406C6-734B-4C38-BFD1-A960EF3107F6}
	EndGlobalSection
	GlobalSection(ProjectConfigurationPlatforms) = postSolution
		{0BDFA193-88BF-4A6B-BE65-A3F93FBF69CA}.Debug|Any CPU.ActiveCfg = Debug|Any CPU
		{0BDFA193-88BF-4A6B-BE65-A3F93FBF69CA}.Debug|Any CPU.Build.0 = Debug|Any CPU
		{0BDFA193-88BF-4A6B-BE65-A3F93FBF69CA}.Release|Any CPU.ActiveCfg = Release|Any CPU
		{0BDFA193-88BF-4A6B-BE65-A3F93FBF69CA}.Release|Any CPU.Build.0 = Release|Any CPU
		{1EA734EF-6339-4360-B41E-6566319B3229}.Debug|Any CPU.ActiveCfg = Debug|Any CPU
		{1EA734EF-6339-4360-B41E-6566319B3229}.Debug|Any CPU.Build.0 = Debug|Any CPU
		{1EA734EF-6339-4360-B41E-6566319B3229}.Release|Any CPU.ActiveCfg = Release|Any CPU
		{1EA734EF-6339-4360-B41E-6566319B3229}.Release|Any CPU.Build.0 = Release|Any CPU
		{AD709BF1-4873-4943-A279-03B675248B2D}.Debug|Any CPU.ActiveCfg = Debug|Any CPU
		{AD709BF1-4873-4943-A279-03B675248B2D}.Debug|Any CPU.Build.0 = Debug|Any CPU
		{AD709BF1-4873-4943-A279-03B675248B2D}.Release|Any CPU.ActiveCfg = Release|Any CPU
		{AD709BF1-4873-4943-A279-03B675248B2D}.Release|Any CPU.Build.0 = Release|Any CPU
		{1C3F8EF2-CA06-48B7-B76C-01CAAC4BE50F}.Debug|Any CPU.ActiveCfg = Debug|Any CPU
		{1C3F8EF2-CA06-48B7-B76C-01CAAC4BE50F}.Debug|Any CPU.Build.0 = Debug|Any CPU
		{1C3F8EF2-CA06-48B7-B76C-01CAAC4BE50F}.Release|Any CPU.ActiveCfg = Release|Any CPU
		{1C3F8EF2-CA06-48B7-B76C-01CAAC4BE50F}.Release|Any CPU.Build.0 = Release|Any CPU
		{EC319710-7885-42B4-83D0-4170F45221BA}.Debug|Any CPU.ActiveCfg = Debug|Any CPU
		{EC319710-7885-42B4-83D0-4170F45221BA}.Debug|Any CPU.Build.0 = Debug|Any CPU
		{EC319710-7885-42B4-83D0-4170F45221BA}.Release|Any CPU.ActiveCfg = Release|Any CPU
		{EC319710-7885-42B4-83D0-4170F45221BA}.Release|Any CPU.Build.0 = Release|Any CPU
		{C7ECC7D0-E98F-443F-BD02-0CA8ED868604}.Debug|Any CPU.ActiveCfg = Debug|Any CPU
		{C7ECC7D0-E98F-443F-BD02-0CA8ED868604}.Debug|Any CPU.Build.0 = Debug|Any CPU
		{C7ECC7D0-E98F-443F-BD02-0CA8ED868604}.Release|Any CPU.ActiveCfg = Release|Any CPU
		{C7ECC7D0-E98F-443F-BD02-0CA8ED868604}.Release|Any CPU.Build.0 = Release|Any CPU
		{E4E93823-ADB3-415A-82FE-70ED37B2D135}.Debug|Any CPU.ActiveCfg = Debug|Any CPU
		{E4E93823-ADB3-415A-82FE-70ED37B2D135}.Debug|Any CPU.Build.0 = Debug|Any CPU
		{E4E93823-ADB3-415A-82FE-70ED37B2D135}.Release|Any CPU.ActiveCfg = Release|Any CPU
		{E4E93823-ADB3-415A-82FE-70ED37B2D135}.Release|Any CPU.Build.0 = Release|Any CPU
	EndGlobalSection
EndGlobal
